
Microsoft Visual Studio Solution File, Format Version 12.00
# Visual Studio 15
VisualStudioVersion = 15.0.28307.489
MinimumVisualStudioVersion = 10.0.40219.1
Project("{FAE04EC0-301F-11D3-BF4B-00C04F79EFBC}") = "ZnymkyHub", "ZnymkyHub\ZnymkyHub.csproj", "{123441C2-1AB4-41C1-BA7E-7A31B4F4BDB6}"
EndProject
Project("{FAE04EC0-301F-11D3-BF4B-00C04F79EFBC}") = "ZnymkyHub.DAL", "ZnymkyHub.DAL\ZnymkyHub.DAL.csproj", "{B1E1E909-5B92-4614-9AE5-60B51957BCEC}"
EndProject
Project("{FAE04EC0-301F-11D3-BF4B-00C04F79EFBC}") = "ZnymkyHub.DTO", "ZnymkyHub.DTO\ZnymkyHub.DTO.csproj", "{824805B6-FF3F-413B-B31F-4CE536414C0C}"
EndProject
Global
	GlobalSection(SolutionConfigurationPlatforms) = preSolution
		Debug|Any CPU = Debug|Any CPU
		Release|Any CPU = Release|Any CPU
	EndGlobalSection
	GlobalSection(ProjectConfigurationPlatforms) = postSolution
		{123441C2-1AB4-41C1-BA7E-7A31B4F4BDB6}.Debug|Any CPU.ActiveCfg = Debug|Any CPU
		{123441C2-1AB4-41C1-BA7E-7A31B4F4BDB6}.Debug|Any CPU.Build.0 = Debug|Any CPU
		{123441C2-1AB4-41C1-BA7E-7A31B4F4BDB6}.Release|Any CPU.ActiveCfg = Release|Any CPU
		{123441C2-1AB4-41C1-BA7E-7A31B4F4BDB6}.Release|Any CPU.Build.0 = Release|Any CPU
		{B1E1E909-5B92-4614-9AE5-60B51957BCEC}.Debug|Any CPU.ActiveCfg = Debug|Any CPU
		{B1E1E909-5B92-4614-9AE5-60B51957BCEC}.Debug|Any CPU.Build.0 = Debug|Any CPU
		{B1E1E909-5B92-4614-9AE5-60B51957BCEC}.Release|Any CPU.ActiveCfg = Release|Any CPU
		{B1E1E909-5B92-4614-9AE5-60B51957BCEC}.Release|Any CPU.Build.0 = Release|Any CPU
		{824805B6-FF3F-413B-B31F-4CE536414C0C}.Debug|Any CPU.ActiveCfg = Debug|Any CPU
		{824805B6-FF3F-413B-B31F-4CE536414C0C}.Debug|Any CPU.Build.0 = Debug|Any CPU
		{824805B6-FF3F-413B-B31F-4CE536414C0C}.Release|Any CPU.ActiveCfg = Release|Any CPU
		{824805B6-FF3F-413B-B31F-4CE536414C0C}.Release|Any CPU.Build.0 = Release|Any CPU
	EndGlobalSection
	GlobalSection(SolutionProperties) = preSolution
		HideSolutionNode = FALSE
	EndGlobalSection
	GlobalSection(ExtensibilityGlobals) = postSolution
		SolutionGuid = {7EA69685-BCCD-42AC-BEF8-5ED5E05689B9}
	EndGlobalSection
EndGlobal
