
Microsoft Visual Studio Solution File, Format Version 12.00
# Visual Studio 15
Project("{FAE04EC0-301F-11D3-BF4B-00C04F79EFBC}") = "ZnymkyHub", "ZnymkyHub.csproj", "{D1492198-3BAD-4005-8A44-1DA3214A0706}"
EndProject
Global
	GlobalSection(SolutionConfigurationPlatforms) = preSolution
		Debug|Any CPU = Debug|Any CPU
		Release|Any CPU = Release|Any CPU
	EndGlobalSection
	GlobalSection(ProjectConfigurationPlatforms) = postSolution
		{D1492198-3BAD-4005-8A44-1DA3214A0706}.Debug|Any CPU.ActiveCfg = Debug|Any CPU
		{D1492198-3BAD-4005-8A44-1DA3214A0706}.Debug|Any CPU.Build.0 = Debug|Any CPU
		{D1492198-3BAD-4005-8A44-1DA3214A0706}.Release|Any CPU.ActiveCfg = Release|Any CPU
		{D1492198-3BAD-4005-8A44-1DA3214A0706}.Release|Any CPU.Build.0 = Release|Any CPU
	EndGlobalSection
EndGlobal
